{
  "name": "cconger.github.io",
  "version": "2018.09.20",
  "lockfileVersion": 1,
  "requires": true,
  "dependencies": {
    "async": {
      "version": "2.6.1",
      "resolved": "https://npm.internal.justin.tv:443/artifactory/api/npm/vr-npm/async/-/async-2.6.1/b245a23ca71930044ec53fa46aa00a3e87c6a610.tgz",
      "integrity": "sha1-skWiPKcZMAROxT+kaqAKPofGphA=",
      "requires": {
        "lodash": "^4.17.10"
      }
    },
    "commander": {
      "version": "2.17.1",
      "resolved": "https://npm.internal.justin.tv:443/artifactory/api/npm/vr-npm/commander/-/commander-2.17.1/bd77ab7de6de94205ceacc72f1716d29f20a77bf.tgz",
      "integrity": "sha1-vXerfebelCBc6sxy8XFtKfIKd78=",
      "optional": true
    },
    "handlebars": {
      "version": "4.0.12",
      "resolved": "https://npm.internal.justin.tv:443/artifactory/api/npm/vr-npm/handlebars/-/handlebars-4.0.12/2c15c8a96d46da5e266700518ba8cb8d919d5bc5.tgz",
      "integrity": "sha1-LBXIqW1G2l4mZwBRi6jLjZGdW8U=",
      "requires": {
        "async": "^2.5.0",
        "optimist": "^0.6.1",
        "source-map": "^0.6.1",
        "uglify-js": "^3.1.4"
      }
    },
    "handlebars-intl": {
      "version": "1.1.2",
      "resolved": "https://npm.internal.justin.tv:443/artifactory/api/npm/vr-npm/handlebars-intl/-/handlebars-intl-1.1.2/53ab641d19a2d5832ad6a09917511248d6bc6720.tgz",
      "integrity": "sha1-U6tkHRmi1YMq1qCZF1ESSNa8ZyA=",
      "requires": {
        "intl-format-cache": "2.0.5",
        "intl-messageformat": "1.1.0",
        "intl-relativeformat": "1.1.0"
      }
    },
    "intl-format-cache": {
      "version": "2.0.5",
      "resolved": "https://npm.internal.justin.tv:443/artifactory/api/npm/vr-npm/intl-format-cache/-/intl-format-cache-2.0.5/b484cefcb9353f374f25de389a3ceea1af18d7c9.tgz",
      "integrity": "sha1-tITO/Lk1PzdPJd44mjzuoa8Y18k="
    },
    "intl-messageformat": {
      "version": "1.1.0",
      "resolved": "https://npm.internal.justin.tv:443/artifactory/api/npm/vr-npm/intl-messageformat/-/intl-messageformat-1.1.0/f46a168c1bd5e1838ecbddda809a0754727f4422.tgz",
      "integrity": "sha1-9GoWjBvV4YOOy93agJoHVHJ/RCI=",
      "requires": {
        "intl-messageformat-parser": "1.1.0"
      }
    },
    "intl-messageformat-parser": {
      "version": "1.1.0",
      "resolved": "https://npm.internal.justin.tv:443/artifactory/api/npm/vr-npm/intl-messageformat-parser/-/intl-messageformat-parser-1.1.0/e8ed8f30853969bf1f5bedef0e944d2b1053409b.tgz",
      "integrity": "sha1-6O2PMIU5ab8fW+3vDpRNKxBTQJs="
    },
    "intl-relativeformat": {
      "version": "1.1.0",
      "resolved": "https://npm.internal.justin.tv:443/artifactory/api/npm/vr-npm/intl-relativeformat/-/intl-relativeformat-1.1.0/86dc7b8b212883de186d9fda56b874012948df20.tgz",
      "integrity": "sha1-htx7iyEog94YbZ/aVrh0ASlI3yA=",
      "requires": {
        "intl-messageformat": "1.1.0"
      }
    },
    "lodash": {
      "version": "4.17.11",
      "resolved": "https://npm.internal.justin.tv:443/artifactory/api/npm/vr-npm/lodash/-/lodash-4.17.11/b39ea6229ef607ecd89e2c8df12536891cac9b8d.tgz",
      "integrity": "sha1-s56mIp72B+zYniyN8SU2iRysm40="
    },
    "minimist": {
      "version": "0.0.10",
      "resolved": "https://npm.internal.justin.tv:443/artifactory/api/npm/vr-npm/minimist/-/minimist-0.0.10/de3f98543dbf96082be48ad1a0c7cda836301dcf.tgz",
      "integrity": "sha1-3j+YVD2/lggr5IrRoMfNqDYwHc8="
    },
    "optimist": {
      "version": "0.6.1",
      "resolved": "https://npm.internal.justin.tv:443/artifactory/api/npm/vr-npm/optimist/-/optimist-0.6.1/da3ea74686fa21a19a111c326e90eb15a0196686.tgz",
      "integrity": "sha1-2j6nRob6IaGaERwybpDrFaAZZoY=",
      "requires": {
        "minimist": "~0.0.1",
        "wordwrap": "~0.0.2"
      }
    },
    "source-map": {
      "version": "0.6.1",
      "resolved": "https://npm.internal.justin.tv:443/artifactory/api/npm/vr-npm/source-map/-/source-map-0.6.1/74722af32e9614e9c287a8d0bbde48b5e2f1a263.tgz",
      "integrity": "sha1-dHIq8y6WFOnCh6jQu95IteLxomM="
    },
    "toml": {
      "version": "2.3.3",
      "resolved": "https://npm.internal.justin.tv:443/artifactory/api/npm/vr-npm/toml/-/toml-2.3.3/8d683d729577cb286231dfc7a8affe58d31728fb.tgz",
      "integrity": "sha1-jWg9cpV3yyhiMd/HqK/+WNMXKPs="
    },
    "uglify-js": {
      "version": "3.4.9",
      "resolved": "https://npm.internal.justin.tv:443/artifactory/api/npm/vr-npm/uglify-js/-/uglify-js-3.4.9/af02f180c1207d76432e473ed24a28f4a782bae3.tgz",
      "integrity": "sha1-rwLxgMEgfXZDLkc+0koo9KeCuuM=",
      "optional": true,
      "requires": {
        "commander": "~2.17.1",
        "source-map": "~0.6.1"
      }
    },
    "wordwrap": {
      "version": "0.0.3",
      "resolved": "https://npm.internal.justin.tv:443/artifactory/api/npm/vr-npm/wordwrap/-/wordwrap-0.0.3/a3d5da6cd5c0bc0008d37234bbaf1bed63059107.tgz",
      "integrity": "sha1-o9XabNXAvAAI03I0u68b7WMFkQc="
    }
  }
}
